{
  "name": "sutinek-game-library",
  "version": "1.0.0",
  "lockfileVersion": 3,
  "requires": true,
  "packages": {
    "": {
      "name": "sutinek-game-library",
      "version": "1.0.0",
      "dependencies": {
        "apify-client": "^1.0.0"
      },
      "engines": {
        "node": "18.x"
      }
    },
    "node_modules/@apify/consts": {
      "version": "1.11.0",
      "resolved": "https://registry.npmjs.org/@apify/consts/-/consts-1.11.0.tgz",
      "integrity": "sha512-5tFbj/t+zqQDxMYKKUbAvgdkalZPNWWJjcL7AlyslwdZXkNaxUWD3CCXLz/hHvQ5otLuxGa7GuRQEcrkL6+jYw==",
      "license": "Apache-2.0"
    },
    "node_modules/@apify/log": {
      "version": "1.2.5",
      "resolved": "https://registry.npmjs.org/@apify/log/-/log-1.2.5.tgz",
      "integrity": "sha512-gTaRzdhJ0qmcBLsFULlLz/jUUCw+0whC6G6TFt+VYHwWwWsIAwo5aSvww7nTq6xBNoKLXgZY/fEyUIDAQ7ekXA==",
      "license": "Apache-2.0",
      "dependencies": {
        "@apify/consts": "^1.11.0",
        "ansi-colors": "^4.1.1"
      }
    },
    "node_modules/@sindresorhus/is": {
      "version": "4.6.0",
      "resolved": "https://registry.npmjs.org/@sindresorhus/is/-/is-4.6.0.tgz",
      "integrity": "sha512-t09vSN3MdfsyCHoFcTRCH/iUtG7OJ0CsjzB8cjAmKc/va/kIgeDI/TxsigdncE/4be734m0cvIYwNaV4i2XqAw==",
      "license": "MIT",
      "engines": {
        "node": ">=10"
      },
      "funding": {
        "url": "https://github.com/sindresorhus/is?sponsor=1"
      }
    },
    "node_modules/agentkeepalive": {
      "version": "4.6.0",
      "resolved": "https://registry.npmjs.org/agentkeepalive/-/agentkeepalive-4.6.0.tgz",
      "integrity": "sha512-kja8j7PjmncONqaTsB8fQ+wE2mSU2DJ9D4XKoJ5PFWIdRMa6SLSN1ff4mOr4jCbfRSsxR4keIiySJU0N9T5hIQ==",
      "license": "MIT",
      "dependencies": {
        "humanize-ms": "^1.2.1"
      },
      "engines": {
        "node": ">= 8.0.0"
      }
    },
    "node_modules/ansi-colors": {
      "version": "4.1.3",
      "resolved": "https://registry.npmjs.org/ansi-colors/-/ansi-colors-4.1.3.tgz",
      "integrity": "sha512-/6w/C21Pm1A7aZitlI5Ni/2J6FFQN8i1Cvz3kHABAAbw93v/NlvKdVOqz7CCWz/3iv/JplRSEEZ83XION15ovw==",
      "license": "MIT",
      "engines": {
        "node": ">=6"
      }
    },
    "node_modules/apify-client": {
      "version": "1.4.2",
      "resolved": "https://registry.npmjs.org/apify-client/-/apify-client-1.4.2.tgz",
      "integrity": "sha512-kDI/B7L5XI2f7kvkXPLY6xR3jJu+EsPw63FWgDyL7wGkeNxVaFxr3TNGW8aHL9R9UJfHSdN6FewIWlIzJ77OIQ==",
      "license": "Apache-2.0",
      "dependencies": {
        "@apify/consts": "^1.0.0",
        "@apify/log": "^1.0.0",
        "agentkeepalive": "^4.1.3",
        "async-retry": "^1.3.1",
        "axios": "^0.21.1",
        "content-type": "^1.0.4",
        "ow": "^0.23.0"
      }
    },
    "node_modules/async-retry": {
      "version": "1.3.3",
      "resolved": "https://registry.npmjs.org/async-retry/-/async-retry-1.3.3.tgz",
      "integrity": "sha512-wfr/jstw9xNi/0teMHrRW7dsz3Lt5ARhYNZ2ewpadnhaIp5mbALhOAP+EAdsC7t4Z6wqsDVv9+W6gm1Dk9mEyw==",
      "license": "MIT",
      "dependencies": {
        "retry": "0.13.1"
      }
    },
    "node_modules/axios": {
      "version": "0.21.4",
      "resolved": "https://registry.npmjs.org/axios/-/axios-0.21.4.tgz",
      "integrity": "sha512-ut5vewkiu8jjGBdqpM44XxjuCjq9LAKeHVmoVfHVzy8eHgxxq8SbAVQNovDA8mVi05kP0Ea/n/UzcSHcTJQfNg==",
      "license": "MIT",
      "dependencies": {
        "follow-redirects": "^1.14.0"
      }
    },
    "node_modules/callsites": {
      "version": "3.1.0",
      "resolved": "https://registry.npmjs.org/callsites/-/callsites-3.1.0.tgz",
      "integrity": "sha512-P8BjAsXvZS+VIDUI11hHCQEv74YT67YUi5JJFNWIqL235sBmjX4+qx9Muvls5ivyNENctx46xQLQ3aTuE7ssaQ==",
      "license": "MIT",
      "engines": {
        "node": ">=6"
      }
    },
    "node_modules/content-type": {
      "version": "1.0.5",
      "resolved": "https://registry.npmjs.org/content-type/-/content-type-1.0.5.tgz",
      "integrity": "sha512-nTjqfcBFEipKdXCv4YDQWCfmcLZKm81ldF0pAopTvyrFGVbcR6P/VAAd5G7N+0tTr8QqiU0tFadD6FK4NtJwOA==",
      "license": "MIT",
      "engines": {
        "node": ">= 0.6"
      }
    },
    "node_modules/dot-prop": {
      "version": "6.0.1",
      "resolved": "https://registry.npmjs.org/dot-prop/-/dot-prop-6.0.1.tgz",
      "integrity": "sha512-tE7ztYzXHIeyvc7N+hR3oi7FIbf/NIjVP9hmAt3yMXzrQ072/fpjGLx2GxNxGxUl5V73MEqYzioOMoVhGMJ5cA==",
      "license": "MIT",
      "dependencies": {
        "is-obj": "^2.0.0"
      },
      "engines": {
        "node": ">=10"
      },
      "funding": {
        "url": "https://github.com/sponsors/sindresorhus"
      }
    },
    "node_modules/follow-redirects": {
      "version": "1.16.0",
      "resolved": "https://registry.npmjs.org/follow-redirects/-/follow-redirects-1.16.0.tgz",
      "integrity": "sha512-y5rN/uOsadFT/JfYwhxRS5R7Qce+g3zG97+JrtFZlC9klX/W5hD7iiLzScI4nZqUS7DNUdhPgw4xI8W2LuXlUw==",
      "funding": [
        {
          "type": "individual",
          "url": "https://github.com/sponsors/RubenVerborgh"
        }
      ],
      "license": "MIT",
      "engines": {
        "node": ">=4.0"
      },
      "peerDependenciesMeta": {
        "debug": {
          "optional": true
        }
      }
    },
    "node_modules/humanize-ms": {
      "version": "1.2.1",
      "resolved": "https://registry.npmjs.org/humanize-ms/-/humanize-ms-1.2.1.tgz",
      "integrity": "sha512-Fl70vYtsAFb/C06PTS9dZBo7ihau+Tu/DNCk/OyHhea07S+aeMWpFFkUaXRa8fI+ScZbEI8dfSxwY7gxZ9SAVQ==",
      "license": "MIT",
      "dependencies": {
        "ms": "^2.0.0"
      }
    },
    "node_modules/is-obj": {
      "version": "2.0.0",
      "resolved": "https://registry.npmjs.org/is-obj/-/is-obj-2.0.0.tgz",
      "integrity": "sha512-drqDG3cbczxxEJRoOXcOjtdp1J/lyp1mNn0xaznRs8+muBhgQcrnbspox5X5fOw0HnMnbfDzvnEMEtqDEJEo8w==",
      "license": "MIT",
      "engines": {
        "node": ">=8"
      }
    },
    "node_modules/lodash.isequal": {
      "version": "4.5.0",
      "resolved": "https://registry.npmjs.org/lodash.isequal/-/lodash.isequal-4.5.0.tgz",
      "integrity": "sha512-pDo3lu8Jhfjqls6GkMgpahsF9kCyayhgykjyLMNFTKWrpVdAQtYyB4muAMWozBB4ig/dtWAmsMxLEI8wuz+DYQ==",
      "deprecated": "This package is deprecated. Use require('node:util').isDeepStrictEqual instead.",
      "license": "MIT"
    },
    "node_modules/ms": {
      "version": "2.0.0",
      "resolved": "https://registry.npmjs.org/ms/-/ms-2.0.0.tgz",
      "integrity": "sha512-Tpp60P6IUJDTuOq/5Z8cdskzJujfwqfOTkrwIwj7IRISpnkJnT6SyJ4PCPnGMoFjC9ddhal5KVIYtAt97ix05A==",
      "license": "MIT"
    },
    "node_modules/ow": {
      "version": "0.23.1",
      "resolved": "https://registry.npmjs.org/ow/-/ow-0.23.1.tgz",
      "integrity": "sha512-tU9NCFp5bFTPf4FytkimLv0RE2ej20R2HPgk6ZMgBg4yuERKxqjPMk0OXZbbX5vnB6k1TXL4qKJqhRTkUBtGPA==",
      "license": "MIT",
      "dependencies": {
        "@sindresorhus/is": "^4.0.0",
        "callsites": "^3.1.0",
        "dot-prop": "^6.0.1",
        "lodash.isequal": "^4.5.0",
        "type-fest": "^1.2.0",
        "vali-date": "^1.0.0"
      },
      "engines": {
        "node": ">=10"
      },
      "funding": {
        "url": "https://github.com/sponsors/sindresorhus"
      }
    },
    "node_modules/retry": {
      "version": "0.13.1",
      "resolved": "https://registry.npmjs.org/retry/-/retry-0.13.1.tgz",
      "integrity": "sha512-XQBQ3I8W1Cge0Seh+6gjj03LbmRFWuoszgK9ooCpwYIrhhoO80pfq4cUkU5DkknwfOfFteRwlZ56PYOGYyFWdg==",
      "license": "MIT",
      "engines": {
        "node": ">= 4"
      }
    },
    "node_modules/type-fest": {
      "version": "1.4.0",
      "resolved": "https://registry.npmjs.org/type-fest/-/type-fest-1.4.0.tgz",
      "integrity": "sha512-yGSza74xk0UG8k+pLh5oeoYirvIiWo5t0/o3zHHAO2tRDiZcxWP7fywNlXhqb6/r6sWvwi+RsyQMWhVLe4BVuA==",
      "license": "(MIT OR CC0-1.0)",
      "engines": {
        "node": ">=10"
      },
      "funding": {
        "url": "https://github.com/sponsors/sindresorhus"
      }
    },
    "node_modules/vali-date": {
      "version": "1.0.0",
      "resolved": "https://registry.npmjs.org/vali-date/-/vali-date-1.0.0.tgz",
      "integrity": "sha512-sgECfZthyaCKW10N0fm27cg8HYTFK5qMWgypqkXMQ4Wbl/zZKx7xZICgcoxIIE+WFAP/MBL2EFwC/YvLxw3Zeg==",
      "license": "MIT",
      "engines": {
        "node": ">=0.10.0"
      }
    }
  }
}
